
Microsoft Visual Studio Solution File, Format Version 12.00
# Visual Studio Version 17
VisualStudioVersion = 17.1.32319.34
MinimumVisualStudioVersion = 10.0.40219.1
Project("{FAE04EC0-301F-11D3-BF4B-00C04F79EFBC}") = "StudentDatabaseLab", "StudentDatabaseLab\StudentDatabaseLab.csproj", "{0E9E2FB0-BB45-4465-A44A-3D5BCAC9F4CA}"
EndProject
Global
	GlobalSection(SolutionConfigurationPlatforms) = preSolution
		Debug|Any CPU = Debug|Any CPU
		Release|Any CPU = Release|Any CPU
	EndGlobalSection
	GlobalSection(ProjectConfigurationPlatforms) = postSolution
		{0E9E2FB0-BB45-4465-A44A-3D5BCAC9F4CA}.Debug|Any CPU.ActiveCfg = Debug|Any CPU
		{0E9E2FB0-BB45-4465-A44A-3D5BCAC9F4CA}.Debug|Any CPU.Build.0 = Debug|Any CPU
		{0E9E2FB0-BB45-4465-A44A-3D5BCAC9F4CA}.Release|Any CPU.ActiveCfg = Release|Any CPU
		{0E9E2FB0-BB45-4465-A44A-3D5BCAC9F4CA}.Release|Any CPU.Build.0 = Release|Any CPU
	EndGlobalSection
	GlobalSection(SolutionProperties) = preSolution
		HideSolutionNode = FALSE
	EndGlobalSection
	GlobalSection(ExtensibilityGlobals) = postSolution
		SolutionGuid = {A9916594-6FAD-4124-9F51-DCEAB2FB1AEB}
	EndGlobalSection
EndGlobal
